
Microsoft Visual Studio Solution File, Format Version 12.00
# Visual Studio Version 17
VisualStudioVersion = 17.9.34526.213
MinimumVisualStudioVersion = 10.0.40219.1
Project("{FAE04EC0-301F-11D3-BF4B-00C04F79EFBC}") = "Domain", "Domain\Domain.csproj", "{F03B8794-3158-4BD8-AC08-55DE174B5DE4}"
EndProject
Project("{FAE04EC0-301F-11D3-BF4B-00C04F79EFBC}") = "ApplicationLayer", "ApplicationLayer\ApplicationLayer.csproj", "{E706A1C6-7E16-469A-8A42-A8B25E964E0E}"
EndProject
Project("{FAE04EC0-301F-11D3-BF4B-00C04F79EFBC}") = "Infrastructure", "Infrastructure\Infrastructure.csproj", "{17FDFB57-2936-46C5-BF03-E6EE6E85669F}"
EndProject
Project("{9A19103F-16F7-4668-BE54-9A1E7A4F7556}") = "WomenClothingStore", "WomenClothingStore\WomenClothingStore.csproj", "{0DDEB3A4-CAB9-47D8-B99E-57F2C136330F}"
EndProject
Project("{FAE04EC0-301F-11D3-BF4B-00C04F79EFBC}") = "WCS_API", "WCS_API\WCS_API.csproj", "{A60E96EC-EB02-4476-833E-1DF91C6537DB}"
EndProject
Global
	GlobalSection(SolutionConfigurationPlatforms) = preSolution
		Debug|Any CPU = Debug|Any CPU
		Release|Any CPU = Release|Any CPU
	EndGlobalSection
	GlobalSection(ProjectConfigurationPlatforms) = postSolution
		{F03B8794-3158-4BD8-AC08-55DE174B5DE4}.Debug|Any CPU.ActiveCfg = Debug|Any CPU
		{F03B8794-3158-4BD8-AC08-55DE174B5DE4}.Debug|Any CPU.Build.0 = Debug|Any CPU
		{F03B8794-3158-4BD8-AC08-55DE174B5DE4}.Release|Any CPU.ActiveCfg = Release|Any CPU
		{F03B8794-3158-4BD8-AC08-55DE174B5DE4}.Release|Any CPU.Build.0 = Release|Any CPU
		{E706A1C6-7E16-469A-8A42-A8B25E964E0E}.Debug|Any CPU.ActiveCfg = Debug|Any CPU
		{E706A1C6-7E16-469A-8A42-A8B25E964E0E}.Debug|Any CPU.Build.0 = Debug|Any CPU
		{E706A1C6-7E16-469A-8A42-A8B25E964E0E}.Release|Any CPU.ActiveCfg = Release|Any CPU
		{E706A1C6-7E16-469A-8A42-A8B25E964E0E}.Release|Any CPU.Build.0 = Release|Any CPU
		{17FDFB57-2936-46C5-BF03-E6EE6E85669F}.Debug|Any CPU.ActiveCfg = Debug|Any CPU
		{17FDFB57-2936-46C5-BF03-E6EE6E85669F}.Debug|Any CPU.Build.0 = Debug|Any CPU
		{17FDFB57-2936-46C5-BF03-E6EE6E85669F}.Release|Any CPU.ActiveCfg = Release|Any CPU
		{17FDFB57-2936-46C5-BF03-E6EE6E85669F}.Release|Any CPU.Build.0 = Release|Any CPU
		{0DDEB3A4-CAB9-47D8-B99E-57F2C136330F}.Debug|Any CPU.ActiveCfg = Debug|Any CPU
		{0DDEB3A4-CAB9-47D8-B99E-57F2C136330F}.Debug|Any CPU.Build.0 = Debug|Any CPU
		{0DDEB3A4-CAB9-47D8-B99E-57F2C136330F}.Release|Any CPU.ActiveCfg = Release|Any CPU
		{0DDEB3A4-CAB9-47D8-B99E-57F2C136330F}.Release|Any CPU.Build.0 = Release|Any CPU
		{A60E96EC-EB02-4476-833E-1DF91C6537DB}.Debug|Any CPU.ActiveCfg = Debug|Any CPU
		{A60E96EC-EB02-4476-833E-1DF91C6537DB}.Debug|Any CPU.Build.0 = Debug|Any CPU
		{A60E96EC-EB02-4476-833E-1DF91C6537DB}.Release|Any CPU.ActiveCfg = Release|Any CPU
		{A60E96EC-EB02-4476-833E-1DF91C6537DB}.Release|Any CPU.Build.0 = Release|Any CPU
	EndGlobalSection
	GlobalSection(SolutionProperties) = preSolution
		HideSolutionNode = FALSE
	EndGlobalSection
	GlobalSection(ExtensibilityGlobals) = postSolution
		SolutionGuid = {0E269DA2-6D63-4610-9B2E-6ED5210F7BB0}
	EndGlobalSection
EndGlobal
